
Microsoft Visual Studio Solution File, Format Version 12.00
# Visual Studio Version 17
VisualStudioVersion = 17.8.34330.188
MinimumVisualStudioVersion = 10.0.40219.1
Project("{FAE04EC0-301F-11D3-BF4B-00C04F79EFBC}") = "BusTrackingSimulator", "BusTrackingSimulator\BusTrackingSimulator.csproj", "{23233852-F2CA-49BF-BED3-4693801A6A4F}"
EndProject
Global
	GlobalSection(SolutionConfigurationPlatforms) = preSolution
		Debug|Any CPU = Debug|Any CPU
		Release|Any CPU = Release|Any CPU
	EndGlobalSection
	GlobalSection(ProjectConfigurationPlatforms) = postSolution
		{23233852-F2CA-49BF-BED3-4693801A6A4F}.Debug|Any CPU.ActiveCfg = Debug|Any CPU
		{23233852-F2CA-49BF-BED3-4693801A6A4F}.Debug|Any CPU.Build.0 = Debug|Any CPU
		{23233852-F2CA-49BF-BED3-4693801A6A4F}.Release|Any CPU.ActiveCfg = Release|Any CPU
		{23233852-F2CA-49BF-BED3-4693801A6A4F}.Release|Any CPU.Build.0 = Release|Any CPU
	EndGlobalSection
	GlobalSection(SolutionProperties) = preSolution
		HideSolutionNode = FALSE
	EndGlobalSection
	GlobalSection(ExtensibilityGlobals) = postSolution
		SolutionGuid = {ADB87EEE-81C6-4F6F-83D6-70C9358E22B0}
	EndGlobalSection
EndGlobal
